
Microsoft Visual Studio Solution File, Format Version 12.00
# Visual Studio Version 16
VisualStudioVersion = 16.0.29306.81
MinimumVisualStudioVersion = 10.0.40219.1
Project("{FAE04EC0-301F-11D3-BF4B-00C04F79EFBC}") = "TechnicalTestABDDataSystems", "TechnicalTestABDDataSystems\TechnicalTestABDDataSystems.csproj", "{3A6DB369-3862-40B2-B447-D1690B968AF4}"
EndProject
Global
	GlobalSection(SolutionConfigurationPlatforms) = preSolution
		Debug|Any CPU = Debug|Any CPU
		Release|Any CPU = Release|Any CPU
	EndGlobalSection
	GlobalSection(ProjectConfigurationPlatforms) = postSolution
		{3A6DB369-3862-40B2-B447-D1690B968AF4}.Debug|Any CPU.ActiveCfg = Debug|Any CPU
		{3A6DB369-3862-40B2-B447-D1690B968AF4}.Debug|Any CPU.Build.0 = Debug|Any CPU
		{3A6DB369-3862-40B2-B447-D1690B968AF4}.Release|Any CPU.ActiveCfg = Release|Any CPU
		{3A6DB369-3862-40B2-B447-D1690B968AF4}.Release|Any CPU.Build.0 = Release|Any CPU
	EndGlobalSection
	GlobalSection(SolutionProperties) = preSolution
		HideSolutionNode = FALSE
	EndGlobalSection
	GlobalSection(ExtensibilityGlobals) = postSolution
		SolutionGuid = {586A9093-18A6-4068-8FC4-B8833C90D86C}
	EndGlobalSection
EndGlobal
